PODS:
  - Amplify (0.9.0)
  - amplify-tools (0.2.0)
  - AmplifyPlugins/AWSDataStorePlugin (0.9.0):
    - AWSPluginsCore (= 0.9.0)
    - ReachabilitySwift (~> 5.0.0)
    - SQLite.swift (~> 0.12.0)
  - AWSAuthCore (2.12.2):
    - AWSCore (= 2.12.2)
  - AWSAuthUI (2.12.2):
    - AWSAuthCore (= 2.12.2)
    - AWSCore (= 2.12.2)
  - AWSCognitoIdentityProvider (2.12.2):
    - AWSCognitoIdentityProviderASF (= 1.0.1)
    - AWSCore (= 2.12.2)
  - AWSCognitoIdentityProviderASF (1.0.1)
  - AWSCore (2.12.2)
  - AWSFacebookSignIn (2.12.2):
    - AWSAuthCore (= 2.12.2)
    - FBSDKCoreKit (= 5.8)
    - FBSDKLoginKit (= 5.8)
  - AWSMobileClient (2.12.2):
    - AWSAuthCore (= 2.12.2)
    - AWSCognitoIdentityProvider (= 2.12.2)
  - AWSPinpoint (2.12.2):
    - AWSCore (= 2.12.2)
  - AWSPluginsCore (0.9.0):
    - Amplify (= 0.9.0)
    - AWSMobileClient (~> 2.12.2)
  - AWSS3 (2.12.2):
    - AWSCore (= 2.12.2)
  - AWSUserPoolsSignIn (2.12.2):
    - AWSAuthCore (= 2.12.2)
    - AWSCognitoIdentityProvider (= 2.12.2)
  - FBSDKCoreKit (5.8.0):
    - FBSDKCoreKit/Basics (= 5.8.0)
    - FBSDKCoreKit/Core (= 5.8.0)
  - FBSDKCoreKit/Basics (5.8.0)
  - FBSDKCoreKit/Core (5.8.0):
    - FBSDKCoreKit/Basics
  - FBSDKLoginKit (5.8.0):
    - FBSDKLoginKit/Login (= 5.8.0)
  - FBSDKLoginKit/Login (5.8.0):
    - FBSDKCoreKit (~> 5.0)
  - ReachabilitySwift (5.0.0)
  - SQLite.swift (0.12.2):
    - SQLite.swift/standard (= 0.12.2)
  - SQLite.swift/standard (0.12.2)

DEPENDENCIES:
  - amplify-tools
  - AmplifyPlugins/AWSDataStorePlugin
  - AWSAuthUI
  - AWSFacebookSignIn
  - AWSMobileClient
  - AWSPinpoint
  - AWSS3
  - AWSUserPoolsSignIn

SPEC REPOS:
  trunk:
    - Amplify
    - amplify-tools
    - AmplifyPlugins
    - AWSAuthCore
    - AWSAuthUI
    - AWSCognitoIdentityProvider
    - AWSCognitoIdentityProviderASF
    - AWSCore
    - AWSFacebookSignIn
    - AWSMobileClient
    - AWSPinpoint
    - AWSPluginsCore
    - AWSS3
    - AWSUserPoolsSignIn
    - FBSDKCoreKit
    - FBSDKLoginKit
    - ReachabilitySwift
    - SQLite.swift

SPEC CHECKSUMS:
  Amplify: 36503e3b38c7596658d9229b0bc8a780b3af69a8
  amplify-tools: 2304ea0782b61fdb15c7a1e6bf5e0410b02b4f46
  AmplifyPlugins: d9f9c29196d20ed20927982c2f15c55ea0b3577e
  AWSAuthCore: a67ecbfe4dfdb8470f85c31f9594476d5ed988a5
  AWSAuthUI: e3c28579f4f2e0d52ac97f035873f97571b00278
  AWSCognitoIdentityProvider: 5ac7b7af7877e7a47585c08d6a0ef58bcd6314b6
  AWSCognitoIdentityProviderASF: f94f1a502e72ef3d0a1de93e10bf7a79c8698118
  AWSCore: bdc0933bcb1aca4a9af3352a9e6ec75b339faf71
  AWSFacebookSignIn: c95098cac931f3d5a6fca0bc37af216d21a5037f
  AWSMobileClient: ed6cd3c6ecb935406bf392df81fc5b40f4660845
  AWSPinpoint: b168db4f377fdc0ad27525e8114308c1a3a79fd4
  AWSPluginsCore: b4c6545ba21af572fe369f0065cdfb4817e1fa49
  AWSS3: 3ab1e1b25d3522d7745efd2a57a98a86d7524bd5
  AWSUserPoolsSignIn: 6590fefdf30c720bb362c8b8acee6677bb5e2fe7
  FBSDKCoreKit: e7dcac0aabcfb09d0166998edd95fe3b05a0ce5d
  FBSDKLoginKit: 1b0cf04df0370b37404213157b060d6666ede814
  ReachabilitySwift: 985039c6f7b23a1da463388634119492ff86c825
  SQLite.swift: d2b4642190917051ce6bd1d49aab565fe794eea3

PODFILE CHECKSUM: 57487598a2664cf4389d31cc4e7de142cafd8a30

COCOAPODS: 1.8.4
