// !$*UTF8*$!
{
	archiveVersion = 1;
	classes = {
	};
	objectVersion = 51;
	objects = {

/* Begin PBXBuildFile section */
		1C925CED2B1D69B33C606E4D /* Pods_ClearMind_ClearMindUITests.framework in Frameworks */ = {isa = PBXBuildFile; fileRef = E05C4DF5B19E35D6FCB67AF4 /* Pods_ClearMind_ClearMindUITests.framework */; };
		60FD142560978369F9932B5B /* Pods_ClearMindTests.framework in Frameworks */ = {isa = PBXBuildFile; fileRef = 8B429A0665B7888AA9B6ACF7 /* Pods_ClearMindTests.framework */; };
		8DE42C76558C84F9F884AA7F /* Pods_ClearMind.framework in Frameworks */ = {isa = PBXBuildFile; fileRef = 2C9F500AAB5FCC5DA84B01E1 /* Pods_ClearMind.framework */; };
		FFB10DEE23974A1F000C71EF /* awsconfiguration.json in Resources */ = {isa = PBXBuildFile; fileRef = FFB10DED23974A1F000C71EF /* awsconfiguration.json */; };
		FFBE59892395F5E300A9FD53 /* AppDelegate.swift in Sources */ = {isa = PBXBuildFile; fileRef = FFBE59882395F5E300A9FD53 /* AppDelegate.swift */; };
		FFBE598B2395F5E300A9FD53 /* SceneDelegate.swift in Sources */ = {isa = PBXBuildFile; fileRef = FFBE598A2395F5E300A9FD53 /* SceneDelegate.swift */; };
		FFBE598D2395F5E300A9FD53 /* ViewController.swift in Sources */ = {isa = PBXBuildFile; fileRef = FFBE598C2395F5E300A9FD53 /* ViewController.swift */; };
		FFBE59902395F5E300A9FD53 /* Main.storyboard in Resources */ = {isa = PBXBuildFile; fileRef = FFBE598E2395F5E300A9FD53 /* Main.storyboard */; };
		FFBE59922395F5E500A9FD53 /* Assets.xcassets in Resources */ = {isa = PBXBuildFile; fileRef = FFBE59912395F5E500A9FD53 /* Assets.xcassets */; };
		FFBE59952395F5E500A9FD53 /* LaunchScreen.storyboard in Resources */ = {isa = PBXBuildFile; fileRef = FFBE59932395F5E500A9FD53 /* LaunchScreen.storyboard */; };
		FFBE59A02395F5E500A9FD53 /* ClearMindTests.swift in Sources */ = {isa = PBXBuildFile; fileRef = FFBE599F2395F5E500A9FD53 /* ClearMindTests.swift */; };
		FFBE59AB2395F5E500A9FD53 /* ClearMindUITests.swift in Sources */ = {isa = PBXBuildFile; fileRef = FFBE59AA2395F5E500A9FD53 /* ClearMindUITests.swift */; };
/* End PBXBuildFile section */

/* Begin PBXContainerItemProxy section */
		FFBE599C2395F5E500A9FD53 /* PBXContainerItemProxy */ = {
			isa = PBXContainerItemProxy;
			containerPortal = FFBE597D2395F5E300A9FD53 /* Project object */;
			proxyType = 1;
			remoteGlobalIDString = FFBE59842395F5E300A9FD53;
			remoteInfo = ClearMind;
		};
		FFBE59A72395F5E500A9FD53 /* PBXContainerItemProxy */ = {
			isa = PBXContainerItemProxy;
			containerPortal = FFBE597D2395F5E300A9FD53 /* Project object */;
			proxyType = 1;
			remoteGlobalIDString = FFBE59842395F5E300A9FD53;
			remoteInfo = ClearMind;
		};
/* End PBXContainerItemProxy section */

/* Begin PBXFileReference section */
		0302A90CBA9B5E74ACBB6A1A /* Pods-ClearMind.release.xcconfig */ = {isa = PBXFileReference; includeInIndex = 1; lastKnownFileType = text.xcconfig; name = "Pods-ClearMind.release.xcconfig"; path = "Target Support Files/Pods-ClearMind/Pods-ClearMind.release.xcconfig"; sourceTree = "<group>"; };
		2C9F500AAB5FCC5DA84B01E1 /* Pods_ClearMind.framework */ = {isa = PBXFileReference; explicitFileType = wrapper.framework; includeInIndex = 0; path = Pods_ClearMind.framework; sourceTree = BUILT_PRODUCTS_DIR; };
		5BDD27CAEAC320733936139D /* Pods-ClearMind.debug.xcconfig */ = {isa = PBXFileReference; includeInIndex = 1; lastKnownFileType = text.xcconfig; name = "Pods-ClearMind.debug.xcconfig"; path = "Target Support Files/Pods-ClearMind/Pods-ClearMind.debug.xcconfig"; sourceTree = "<group>"; };
		7C816B04F7F51BF7D1D7CD09 /* Pods-ClearMind-ClearMindUITests.debug.xcconfig */ = {isa = PBXFileReference; includeInIndex = 1; lastKnownFileType = text.xcconfig; name = "Pods-ClearMind-ClearMindUITests.debug.xcconfig"; path = "Target Support Files/Pods-ClearMind-ClearMindUITests/Pods-ClearMind-ClearMindUITests.debug.xcconfig"; sourceTree = "<group>"; };
		8B429A0665B7888AA9B6ACF7 /* Pods_ClearMindTests.framework */ = {isa = PBXFileReference; explicitFileType = wrapper.framework; includeInIndex = 0; path = Pods_ClearMindTests.framework; sourceTree = BUILT_PRODUCTS_DIR; };
		E05C4DF5B19E35D6FCB67AF4 /* Pods_ClearMind_ClearMindUITests.framework */ = {isa = PBXFileReference; explicitFileType = wrapper.framework; includeInIndex = 0; path = Pods_ClearMind_ClearMindUITests.framework; sourceTree = BUILT_PRODUCTS_DIR; };
		F654626CEA362CD90AD314B9 /* Pods-ClearMindTests.debug.xcconfig */ = {isa = PBXFileReference; includeInIndex = 1; lastKnownFileType = text.xcconfig; name = "Pods-ClearMindTests.debug.xcconfig"; path = "Target Support Files/Pods-ClearMindTests/Pods-ClearMindTests.debug.xcconfig"; sourceTree = "<group>"; };
		F7FBF34DA4B0833A66AD2849 /* Pods-ClearMind-ClearMindUITests.release.xcconfig */ = {isa = PBXFileReference; includeInIndex = 1; lastKnownFileType = text.xcconfig; name = "Pods-ClearMind-ClearMindUITests.release.xcconfig"; path = "Target Support Files/Pods-ClearMind-ClearMindUITests/Pods-ClearMind-ClearMindUITests.release.xcconfig"; sourceTree = "<group>"; };
		FD5C2E67DE4C4A4C2990A21B /* Pods-ClearMindTests.release.xcconfig */ = {isa = PBXFileReference; includeInIndex = 1; lastKnownFileType = text.xcconfig; name = "Pods-ClearMindTests.release.xcconfig"; path = "Target Support Files/Pods-ClearMindTests/Pods-ClearMindTests.release.xcconfig"; sourceTree = "<group>"; };
		FFB10DED23974A1F000C71EF /* awsconfiguration.json */ = {isa = PBXFileReference; fileEncoding = 4; lastKnownFileType = text.json; path = awsconfiguration.json; sourceTree = SOURCE_ROOT; };
		FFBE59852395F5E300A9FD53 /* ClearMind.app */ = {isa = PBXFileReference; explicitFileType = wrapper.application; includeInIndex = 0; path = ClearMind.app; sourceTree = BUILT_PRODUCTS_DIR; };
		FFBE59882395F5E300A9FD53 /* AppDelegate.swift */ = {isa = PBXFileReference; lastKnownFileType = sourcecode.swift; path = AppDelegate.swift; sourceTree = "<group>"; };
		FFBE598A2395F5E300A9FD53 /* SceneDelegate.swift */ = {isa = PBXFileReference; lastKnownFileType = sourcecode.swift; path = SceneDelegate.swift; sourceTree = "<group>"; };
		FFBE598C2395F5E300A9FD53 /* ViewController.swift */ = {isa = PBXFileReference; lastKnownFileType = sourcecode.swift; path = ViewController.swift; sourceTree = "<group>"; };
		FFBE598F2395F5E300A9FD53 /* Base */ = {isa = PBXFileReference; lastKnownFileType = file.storyboard; name = Base; path = Base.lproj/Main.storyboard; sourceTree = "<group>"; };
		FFBE59912395F5E500A9FD53 /* Assets.xcassets */ = {isa = PBXFileReference; lastKnownFileType = folder.assetcatalog; path = Assets.xcassets; sourceTree = "<group>"; };
		FFBE59942395F5E500A9FD53 /* Base */ = {isa = PBXFileReference; lastKnownFileType = file.storyboard; name = Base; path = Base.lproj/LaunchScreen.storyboard; sourceTree = "<group>"; };
		FFBE59962395F5E500A9FD53 /* Info.plist */ = {isa = PBXFileReference; lastKnownFileType = text.plist.xml; path = Info.plist; sourceTree = "<group>"; };
		FFBE599B2395F5E500A9FD53 /* ClearMindTests.xctest */ = {isa = PBXFileReference; explicitFileType = wrapper.cfbundle; includeInIndex = 0; path = ClearMindTests.xctest; sourceTree = BUILT_PRODUCTS_DIR; };
		FFBE599F2395F5E500A9FD53 /* ClearMindTests.swift */ = {isa = PBXFileReference; lastKnownFileType = sourcecode.swift; path = ClearMindTests.swift; sourceTree = "<group>"; };
		FFBE59A12395F5E500A9FD53 /* Info.plist */ = {isa = PBXFileReference; lastKnownFileType = text.plist.xml; path = Info.plist; sourceTree = "<group>"; };
		FFBE59A62395F5E500A9FD53 /* ClearMindUITests.xctest */ = {isa = PBXFileReference; explicitFileType = wrapper.cfbundle; includeInIndex = 0; path = ClearMindUITests.xctest; sourceTree = BUILT_PRODUCTS_DIR; };
		FFBE59AA2395F5E500A9FD53 /* ClearMindUITests.swift */ = {isa = PBXFileReference; lastKnownFileType = sourcecode.swift; path = ClearMindUITests.swift; sourceTree = "<group>"; };
		FFBE59AC2395F5E500A9FD53 /* Info.plist */ = {isa = PBXFileReference; lastKnownFileType = text.plist.xml; path = Info.plist; sourceTree = "<group>"; };
/* End PBXFileReference section */

/* Begin PBXFrameworksBuildPhase section */
		FFBE59822395F5E300A9FD53 /* Frameworks */ = {
			isa = PBXFrameworksBuildPhase;
			buildActionMask = 2147483647;
			files = (
				8DE42C76558C84F9F884AA7F /* Pods_ClearMind.framework in Frameworks */,
			);
			runOnlyForDeploymentPostprocessing = 0;
		};
		FFBE59982395F5E500A9FD53 /* Frameworks */ = {
			isa = PBXFrameworksBuildPhase;
			buildActionMask = 2147483647;
			files = (
				60FD142560978369F9932B5B /* Pods_ClearMindTests.framework in Frameworks */,
			);
			runOnlyForDeploymentPostprocessing = 0;
		};
		FFBE59A32395F5E500A9FD53 /* Frameworks */ = {
			isa = PBXFrameworksBuildPhase;
			buildActionMask = 2147483647;
			files = (
				1C925CED2B1D69B33C606E4D /* Pods_ClearMind_ClearMindUITests.framework in Frameworks */,
			);
			runOnlyForDeploymentPostprocessing = 0;
		};
/* End PBXFrameworksBuildPhase section */

/* Begin PBXGroup section */
		0C9686897BA747DBF66ABA3E /* Pods */ = {
			isa = PBXGroup;
			children = (
				5BDD27CAEAC320733936139D /* Pods-ClearMind.debug.xcconfig */,
				0302A90CBA9B5E74ACBB6A1A /* Pods-ClearMind.release.xcconfig */,
				7C816B04F7F51BF7D1D7CD09 /* Pods-ClearMind-ClearMindUITests.debug.xcconfig */,
				F7FBF34DA4B0833A66AD2849 /* Pods-ClearMind-ClearMindUITests.release.xcconfig */,
				F654626CEA362CD90AD314B9 /* Pods-ClearMindTests.debug.xcconfig */,
				FD5C2E67DE4C4A4C2990A21B /* Pods-ClearMindTests.release.xcconfig */,
			);
			path = Pods;
			sourceTree = "<group>";
		};
		EAF9E5A906A44B2120D021DA /* Frameworks */ = {
			isa = PBXGroup;
			children = (
				2C9F500AAB5FCC5DA84B01E1 /* Pods_ClearMind.framework */,
				E05C4DF5B19E35D6FCB67AF4 /* Pods_ClearMind_ClearMindUITests.framework */,
				8B429A0665B7888AA9B6ACF7 /* Pods_ClearMindTests.framework */,
			);
			name = Frameworks;
			sourceTree = "<group>";
		};
		FFBE597C2395F5E300A9FD53 = {
			isa = PBXGroup;
			children = (
				FFBE59872395F5E300A9FD53 /* ClearMind */,
				FFBE599E2395F5E500A9FD53 /* ClearMindTests */,
				FFBE59A92395F5E500A9FD53 /* ClearMindUITests */,
				FFBE59862395F5E300A9FD53 /* Products */,
				0C9686897BA747DBF66ABA3E /* Pods */,
				EAF9E5A906A44B2120D021DA /* Frameworks */,
			);
			sourceTree = "<group>";
		};
		FFBE59862395F5E300A9FD53 /* Products */ = {
			isa = PBXGroup;
			children = (
				FFBE59852395F5E300A9FD53 /* ClearMind.app */,
				FFBE599B2395F5E500A9FD53 /* ClearMindTests.xctest */,
				FFBE59A62395F5E500A9FD53 /* ClearMindUITests.xctest */,
			);
			name = Products;
			sourceTree = "<group>";
		};
		FFBE59872395F5E300A9FD53 /* ClearMind */ = {
			isa = PBXGroup;
			children = (
				FFB10DED23974A1F000C71EF /* awsconfiguration.json */,
				FFBE59882395F5E300A9FD53 /* AppDelegate.swift */,
				FFBE598A2395F5E300A9FD53 /* SceneDelegate.swift */,
				FFBE598C2395F5E300A9FD53 /* ViewController.swift */,
				FFBE598E2395F5E300A9FD53 /* Main.storyboard */,
				FFBE59912395F5E500A9FD53 /* Assets.xcassets */,
				FFBE59932395F5E500A9FD53 /* LaunchScreen.storyboard */,
				FFBE59962395F5E500A9FD53 /* Info.plist */,
			);
			path = ClearMind;
			sourceTree = "<group>";
		};
		FFBE599E2395F5E500A9FD53 /* ClearMindTests */ = {
			isa = PBXGroup;
			children = (
				FFBE599F2395F5E500A9FD53 /* ClearMindTests.swift */,
				FFBE59A12395F5E500A9FD53 /* Info.plist */,
			);
			path = ClearMindTests;
			sourceTree = "<group>";
		};
		FFBE59A92395F5E500A9FD53 /* ClearMindUITests */ = {
			isa = PBXGroup;
			children = (
				FFBE59AA2395F5E500A9FD53 /* ClearMindUITests.swift */,
				FFBE59AC2395F5E500A9FD53 /* Info.plist */,
			);
			path = ClearMindUITests;
			sourceTree = "<group>";
		};
/* End PBXGroup section */

/* Begin PBXNativeTarget section */
		FFBE59842395F5E300A9FD53 /* ClearMind */ = {
			isa = PBXNativeTarget;
			buildConfigurationList = FFBE59AF2395F5E500A9FD53 /* Build configuration list for PBXNativeTarget "ClearMind" */;
			buildPhases = (
				0BFE7D1009225D339F528B42 /* [CP] Check Pods Manifest.lock */,
				FFBE59812395F5E300A9FD53 /* Sources */,
				FFBE59822395F5E300A9FD53 /* Frameworks */,
				FFBE59832395F5E300A9FD53 /* Resources */,
				7AC162E0383E7A52297590BE /* [CP] Embed Pods Frameworks */,
			);
			buildRules = (
			);
			dependencies = (
			);
			name = ClearMind;
			productName = ClearMind;
			productReference = FFBE59852395F5E300A9FD53 /* ClearMind.app */;
			productType = "com.apple.product-type.application";
		};
		FFBE599A2395F5E500A9FD53 /* ClearMindTests */ = {
			isa = PBXNativeTarget;
			buildConfigurationList = FFBE59B22395F5E500A9FD53 /* Build configuration list for PBXNativeTarget "ClearMindTests" */;
			buildPhases = (
				5EAB4C75F6EC85B1699C46A8 /* [CP] Check Pods Manifest.lock */,
				FFBE59972395F5E500A9FD53 /* Sources */,
				FFBE59982395F5E500A9FD53 /* Frameworks */,
				FFBE59992395F5E500A9FD53 /* Resources */,
			);
			buildRules = (
			);
			dependencies = (
				FFBE599D2395F5E500A9FD53 /* PBXTargetDependency */,
			);
			name = ClearMindTests;
			productName = ClearMindTests;
			productReference = FFBE599B2395F5E500A9FD53 /* ClearMindTests.xctest */;
			productType = "com.apple.product-type.bundle.unit-test";
		};
		FFBE59A52395F5E500A9FD53 /* ClearMindUITests */ = {
			isa = PBXNativeTarget;
			buildConfigurationList = FFBE59B52395F5E500A9FD53 /* Build configuration list for PBXNativeTarget "ClearMindUITests" */;
			buildPhases = (
				5CBF46C9D227890DD77966DD /* [CP] Check Pods Manifest.lock */,
				FFBE59A22395F5E500A9FD53 /* Sources */,
				FFBE59A32395F5E500A9FD53 /* Frameworks */,
				FFBE59A42395F5E500A9FD53 /* Resources */,
				2EED60BDE4C656E6BBD2CCB7 /* [CP] Embed Pods Frameworks */,
			);
			buildRules = (
			);
			dependencies = (
				FFBE59A82395F5E500A9FD53 /* PBXTargetDependency */,
			);
			name = ClearMindUITests;
			productName = ClearMindUITests;
			productReference = FFBE59A62395F5E500A9FD53 /* ClearMindUITests.xctest */;
			productType = "com.apple.product-type.bundle.ui-testing";
		};
/* End PBXNativeTarget section */

/* Begin PBXProject section */
		FFBE597D2395F5E300A9FD53 /* Project object */ = {
			isa = PBXProject;
			attributes = {
				LastSwiftUpdateCheck = 1120;
				LastUpgradeCheck = 1120;
				ORGANIZATIONNAME = "Asher Noel";
				TargetAttributes = {
					FFBE59842395F5E300A9FD53 = {
						CreatedOnToolsVersion = 11.2.1;
					};
					FFBE599A2395F5E500A9FD53 = {
						CreatedOnToolsVersion = 11.2.1;
						TestTargetID = FFBE59842395F5E300A9FD53;
					};
					FFBE59A52395F5E500A9FD53 = {
						CreatedOnToolsVersion = 11.2.1;
						TestTargetID = FFBE59842395F5E300A9FD53;
					};
				};
			};
			buildConfigurationList = FFBE59802395F5E300A9FD53 /* Build configuration list for PBXProject "ClearMind" */;
			compatibilityVersion = "Xcode 9.3";
			developmentRegion = en;
			hasScannedForEncodings = 0;
			knownRegions = (
				en,
				Base,
			);
			mainGroup = FFBE597C2395F5E300A9FD53;
			productRefGroup = FFBE59862395F5E300A9FD53 /* Products */;
			projectDirPath = "";
			projectRoot = "";
			targets = (
				FFBE59842395F5E300A9FD53 /* ClearMind */,
				FFBE599A2395F5E500A9FD53 /* ClearMindTests */,
				FFBE59A52395F5E500A9FD53 /* ClearMindUITests */,
			);
		};
/* End PBXProject section */

/* Begin PBXResourcesBuildPhase section */
		FFBE59832395F5E300A9FD53 /* Resources */ = {
			isa = PBXResourcesBuildPhase;
			buildActionMask = 2147483647;
			files = (
				FFB10DEE23974A1F000C71EF /* awsconfiguration.json in Resources */,
				FFBE59952395F5E500A9FD53 /* LaunchScreen.storyboard in Resources */,
				FFBE59922395F5E500A9FD53 /* Assets.xcassets in Resources */,
				FFBE59902395F5E300A9FD53 /* Main.storyboard in Resources */,
			);
			runOnlyForDeploymentPostprocessing = 0;
		};
		FFBE59992395F5E500A9FD53 /* Resources */ = {
			isa = PBXResourcesBuildPhase;
			buildActionMask = 2147483647;
			files = (
			);
			runOnlyForDeploymentPostprocessing = 0;
		};
		FFBE59A42395F5E500A9FD53 /* Resources */ = {
			isa = PBXResourcesBuildPhase;
			buildActionMask = 2147483647;
			files = (
			);
			runOnlyForDeploymentPostprocessing = 0;
		};
/* End PBXResourcesBuildPhase section */

/* Begin PBXShellScriptBuildPhase section */
		0BFE7D1009225D339F528B42 /* [CP] Check Pods Manifest.lock */ = {
			isa = PBXShellScriptBuildPhase;
			buildActionMask = 2147483647;
			files = (
			);
			inputFileListPaths = (
			);
			inputPaths = (
				"${PODS_PODFILE_DIR_PATH}/Podfile.lock",
				"${PODS_ROOT}/Manifest.lock",
			);
			name = "[CP] Check Pods Manifest.lock";
			outputFileListPaths = (
			);
			outputPaths = (
				"$(DERIVED_FILE_DIR)/Pods-ClearMind-checkManifestLockResult.txt",
			);
			runOnlyForDeploymentPostprocessing = 0;
			shellPath = /bin/sh;
			shellScript = "diff \"${PODS_PODFILE_DIR_PATH}/Podfile.lock\" \"${PODS_ROOT}/Manifest.lock\" > /dev/null\nif [ $? != 0 ] ; then\n    # print error to STDERR\n    echo \"error: The sandbox is not in sync with the Podfile.lock. Run 'pod install' or update your CocoaPods installation.\" >&2\n    exit 1\nfi\n# This output is used by Xcode 'outputs' to avoid re-running this script phase.\necho \"SUCCESS\" > \"${SCRIPT_OUTPUT_FILE_0}\"\n";
			showEnvVarsInLog = 0;
		};
		2EED60BDE4C656E6BBD2CCB7 /* [CP] Embed Pods Frameworks */ = {
			isa = PBXShellScriptBuildPhase;
			buildActionMask = 2147483647;
			files = (
			);
			inputFileListPaths = (
				"${PODS_ROOT}/Target Support Files/Pods-ClearMind-ClearMindUITests/Pods-ClearMind-ClearMindUITests-frameworks-${CONFIGURATION}-input-files.xcfilelist",
			);
			name = "[CP] Embed Pods Frameworks";
			outputFileListPaths = (
				"${PODS_ROOT}/Target Support Files/Pods-ClearMind-ClearMindUITests/Pods-ClearMind-ClearMindUITests-frameworks-${CONFIGURATION}-output-files.xcfilelist",
			);
			runOnlyForDeploymentPostprocessing = 0;
			shellPath = /bin/sh;
			shellScript = "\"${PODS_ROOT}/Target Support Files/Pods-ClearMind-ClearMindUITests/Pods-ClearMind-ClearMindUITests-frameworks.sh\"\n";
			showEnvVarsInLog = 0;
		};
		5CBF46C9D227890DD77966DD /* [CP] Check Pods Manifest.lock */ = {
			isa = PBXShellScriptBuildPhase;
			buildActionMask = 2147483647;
			files = (
			);
			inputFileListPaths = (
			);
			inputPaths = (
				"${PODS_PODFILE_DIR_PATH}/Podfile.lock",
				"${PODS_ROOT}/Manifest.lock",
			);
			name = "[CP] Check Pods Manifest.lock";
			outputFileListPaths = (
			);
			outputPaths = (
				"$(DERIVED_FILE_DIR)/Pods-ClearMind-ClearMindUITests-checkManifestLockResult.txt",
			);
			runOnlyForDeploymentPostprocessing = 0;
			shellPath = /bin/sh;
			shellScript = "diff \"${PODS_PODFILE_DIR_PATH}/Podfile.lock\" \"${PODS_ROOT}/Manifest.lock\" > /dev/null\nif [ $? != 0 ] ; then\n    # print error to STDERR\n    echo \"error: The sandbox is not in sync with the Podfile.lock. Run 'pod install' or update your CocoaPods installation.\" >&2\n    exit 1\nfi\n# This output is used by Xcode 'outputs' to avoid re-running this script phase.\necho \"SUCCESS\" > \"${SCRIPT_OUTPUT_FILE_0}\"\n";
			showEnvVarsInLog = 0;
		};
		5EAB4C75F6EC85B1699C46A8 /* [CP] Check Pods Manifest.lock */ = {
			isa = PBXShellScriptBuildPhase;
			buildActionMask = 2147483647;
			files = (
			);
			inputFileListPaths = (
			);
			inputPaths = (
				"${PODS_PODFILE_DIR_PATH}/Podfile.lock",
				"${PODS_ROOT}/Manifest.lock",
			);
			name = "[CP] Check Pods Manifest.lock";
			outputFileListPaths = (
			);
			outputPaths = (
				"$(DERIVED_FILE_DIR)/Pods-ClearMindTests-checkManifestLockResult.txt",
			);
			runOnlyForDeploymentPostprocessing = 0;
			shellPath = /bin/sh;
			shellScript = "diff \"${PODS_PODFILE_DIR_PATH}/Podfile.lock\" \"${PODS_ROOT}/Manifest.lock\" > /dev/null\nif [ $? != 0 ] ; then\n    # print error to STDERR\n    echo \"error: The sandbox is not in sync with the Podfile.lock. Run 'pod install' or update your CocoaPods installation.\" >&2\n    exit 1\nfi\n# This output is used by Xcode 'outputs' to avoid re-running this script phase.\necho \"SUCCESS\" > \"${SCRIPT_OUTPUT_FILE_0}\"\n";
			showEnvVarsInLog = 0;
		};
		7AC162E0383E7A52297590BE /* [CP] Embed Pods Frameworks */ = {
			isa = PBXShellScriptBuildPhase;
			buildActionMask = 2147483647;
			files = (
			);
			inputFileListPaths = (
				"${PODS_ROOT}/Target Support Files/Pods-ClearMind/Pods-ClearMind-frameworks-${CONFIGURATION}-input-files.xcfilelist",
			);
			name = "[CP] Embed Pods Frameworks";
			outputFileListPaths = (
				"${PODS_ROOT}/Target Support Files/Pods-ClearMind/Pods-ClearMind-frameworks-${CONFIGURATION}-output-files.xcfilelist",
			);
			runOnlyForDeploymentPostprocessing = 0;
			shellPath = /bin/sh;
			shellScript = "\"${PODS_ROOT}/Target Support Files/Pods-ClearMind/Pods-ClearMind-frameworks.sh\"\n";
			showEnvVarsInLog = 0;
		};
/* End PBXShellScriptBuildPhase section */

/* Begin PBXSourcesBuildPhase section */
		FFBE59812395F5E300A9FD53 /* Sources */ = {
			isa = PBXSourcesBuildPhase;
			buildActionMask = 2147483647;
			files = (
				FFBE598D2395F5E300A9FD53 /* ViewController.swift in Sources */,
				FFBE59892395F5E300A9FD53 /* AppDelegate.swift in Sources */,
				FFBE598B2395F5E300A9FD53 /* SceneDelegate.swift in Sources */,
			);
			runOnlyForDeploymentPostprocessing = 0;
		};
		FFBE59972395F5E500A9FD53 /* Sources */ = {
			isa = PBXSourcesBuildPhase;
			buildActionMask = 2147483647;
			files = (
				FFBE59A02395F5E500A9FD53 /* ClearMindTests.swift in Sources */,
			);
			runOnlyForDeploymentPostprocessing = 0;
		};
		FFBE59A22395F5E500A9FD53 /* Sources */ = {
			isa = PBXSourcesBuildPhase;
			buildActionMask = 2147483647;
			files = (
				FFBE59AB2395F5E500A9FD53 /* ClearMindUITests.swift in Sources */,
			);
			runOnlyForDeploymentPostprocessing = 0;
		};
/* End PBXSourcesBuildPhase section */

/* Begin PBXTargetDependency section */
		FFBE599D2395F5E500A9FD53 /* PBXTargetDependency */ = {
			isa = PBXTargetDependency;
			target = FFBE59842395F5E300A9FD53 /* ClearMind */;
			targetProxy = FFBE599C2395F5E500A9FD53 /* PBXContainerItemProxy */;
		};
		FFBE59A82395F5E500A9FD53 /* PBXTargetDependency */ = {
			isa = PBXTargetDependency;
			target = FFBE59842395F5E300A9FD53 /* ClearMind */;
			targetProxy = FFBE59A72395F5E500A9FD53 /* PBXContainerItemProxy */;
		};
/* End PBXTargetDependency section */

/* Begin PBXVariantGroup section */
		FFBE598E2395F5E300A9FD53 /* Main.storyboard */ = {
			isa = PBXVariantGroup;
			children = (
				FFBE598F2395F5E300A9FD53 /* Base */,
			);
			name = Main.storyboard;
			sourceTree = "<group>";
		};
		FFBE59932395F5E500A9FD53 /* LaunchScreen.storyboard */ = {
			isa = PBXVariantGroup;
			children = (
				FFBE59942395F5E500A9FD53 /* Base */,
			);
			name = LaunchScreen.storyboard;
			sourceTree = "<group>";
		};
/* End PBXVariantGroup section */

/* Begin XCBuildConfiguration section */
		FFBE59AD2395F5E500A9FD53 /* Debug */ = {
			isa = XCBuildConfiguration;
			buildSettings = {
				ALWAYS_SEARCH_USER_PATHS = NO;
				CLANG_ANALYZER_NONNULL = YES;
				CLANG_ANALYZER_NUMBER_OBJECT_CONVERSION = YES_AGGRESSIVE;
				CLANG_CXX_LANGUAGE_STANDARD = "gnu++14";
				CLANG_CXX_LIBRARY = "libc++";
				CLANG_ENABLE_MODULES = YES;
				CLANG_ENABLE_OBJC_ARC = YES;
				CLANG_ENABLE_OBJC_WEAK = YES;
				CLANG_WARN_BLOCK_CAPTURE_AUTORELEASING = YES;
				CLANG_WARN_BOOL_CONVERSION = YES;
				CLANG_WARN_COMMA = YES;
				CLANG_WARN_CONSTANT_CONVERSION = YES;
				CLANG_WARN_DEPRECATED_OBJC_IMPLEMENTATIONS = YES;
				CLANG_WARN_DIRECT_OBJC_ISA_USAGE = YES_ERROR;
				CLANG_WARN_DOCUMENTATION_COMMENTS = YES;
				CLANG_WARN_EMPTY_BODY = YES;
				CLANG_WARN_ENUM_CONVERSION = YES;
				CLANG_WARN_INFINITE_RECURSION = YES;
				CLANG_WARN_INT_CONVERSION = YES;
				CLANG_WARN_NON_LITERAL_NULL_CONVERSION = YES;
				CLANG_WARN_OBJC_IMPLICIT_RETAIN_SELF = YES;
				CLANG_WARN_OBJC_LITERAL_CONVERSION = YES;
				CLANG_WARN_OBJC_ROOT_CLASS = YES_ERROR;
				CLANG_WARN_RANGE_LOOP_ANALYSIS = YES;
				CLANG_WARN_STRICT_PROTOTYPES = YES;
				CLANG_WARN_SUSPICIOUS_MOVE = YES;
				CLANG_WARN_UNGUARDED_AVAILABILITY = YES_AGGRESSIVE;
				CLANG_WARN_UNREACHABLE_CODE = YES;
				CLANG_WARN__DUPLICATE_METHOD_MATCH = YES;
				COPY_PHASE_STRIP = NO;
				DEBUG_INFORMATION_FORMAT = dwarf;
				ENABLE_STRICT_OBJC_MSGSEND = YES;
				ENABLE_TESTABILITY = YES;
				GCC_C_LANGUAGE_STANDARD = gnu11;
				GCC_DYNAMIC_NO_PIC = NO;
				GCC_NO_COMMON_BLOCKS = YES;
				GCC_OPTIMIZATION_LEVEL = 0;
				GCC_PREPROCESSOR_DEFINITIONS = (
					"DEBUG=1",
					"$(inherited)",
				);
				GCC_WARN_64_TO_32_BIT_CONVERSION = YES;
				GCC_WARN_ABOUT_RETURN_TYPE = YES_ERROR;
				GCC_WARN_UNDECLARED_SELECTOR = YES;
				GCC_WARN_UNINITIALIZED_AUTOS = YES_AGGRESSIVE;
				GCC_WARN_UNUSED_FUNCTION = YES;
				GCC_WARN_UNUSED_VARIABLE = YES;
				IPHONEOS_DEPLOYMENT_TARGET = 13.2;
				MTL_ENABLE_DEBUG_INFO = INCLUDE_SOURCE;
				MTL_FAST_MATH = YES;
				ONLY_ACTIVE_ARCH = YES;
				SDKROOT = iphoneos;
				SWIFT_ACTIVE_COMPILATION_CONDITIONS = DEBUG;
				SWIFT_OPTIMIZATION_LEVEL = "-Onone";
			};
			name = Debug;
		};
		FFBE59AE2395F5E500A9FD53 /* Release */ = {
			isa = XCBuildConfiguration;
			buildSettings = {
				ALWAYS_SEARCH_USER_PATHS = NO;
				CLANG_ANALYZER_NONNULL = YES;
				CLANG_ANALYZER_NUMBER_OBJECT_CONVERSION = YES_AGGRESSIVE;
				CLANG_CXX_LANGUAGE_STANDARD = "gnu++14";
				CLANG_CXX_LIBRARY = "libc++";
				CLANG_ENABLE_MODULES = YES;
				CLANG_ENABLE_OBJC_ARC = YES;
				CLANG_ENABLE_OBJC_WEAK = YES;
				CLANG_WARN_BLOCK_CAPTURE_AUTORELEASING = YES;
				CLANG_WARN_BOOL_CONVERSION = YES;
				CLANG_WARN_COMMA = YES;
				CLANG_WARN_CONSTANT_CONVERSION = YES;
				CLANG_WARN_DEPRECATED_OBJC_IMPLEMENTATIONS = YES;
				CLANG_WARN_DIRECT_OBJC_ISA_USAGE = YES_ERROR;
				CLANG_WARN_DOCUMENTATION_COMMENTS = YES;
				CLANG_WARN_EMPTY_BODY = YES;
				CLANG_WARN_ENUM_CONVERSION = YES;
				CLANG_WARN_INFINITE_RECURSION = YES;
				CLANG_WARN_INT_CONVERSION = YES;
				CLANG_WARN_NON_LITERAL_NULL_CONVERSION = YES;
				CLANG_WARN_OBJC_IMPLICIT_RETAIN_SELF = YES;
				CLANG_WARN_OBJC_LITERAL_CONVERSION = YES;
				CLANG_WARN_OBJC_ROOT_CLASS = YES_ERROR;
				CLANG_WARN_RANGE_LOOP_ANALYSIS = YES;
				CLANG_WARN_STRICT_PROTOTYPES = YES;
				CLANG_WARN_SUSPICIOUS_MOVE = YES;
				CLANG_WARN_UNGUARDED_AVAILABILITY = YES_AGGRESSIVE;
				CLANG_WARN_UNREACHABLE_CODE = YES;
				CLANG_WARN__DUPLICATE_METHOD_MATCH = YES;
				COPY_PHASE_STRIP = NO;
				DEBUG_INFORMATION_FORMAT = "dwarf-with-dsym";
				ENABLE_NS_ASSERTIONS = NO;
				ENABLE_STRICT_OBJC_MSGSEND = YES;
				GCC_C_LANGUAGE_STANDARD = gnu11;
				GCC_NO_COMMON_BLOCKS = YES;
				GCC_WARN_64_TO_32_BIT_CONVERSION = YES;
				GCC_WARN_ABOUT_RETURN_TYPE = YES_ERROR;
				GCC_WARN_UNDECLARED_SELECTOR = YES;
				GCC_WARN_UNINITIALIZED_AUTOS = YES_AGGRESSIVE;
				GCC_WARN_UNUSED_FUNCTION = YES;
				GCC_WARN_UNUSED_VARIABLE = YES;
				IPHONEOS_DEPLOYMENT_TARGET = 13.2;
				MTL_ENABLE_DEBUG_INFO = NO;
				MTL_FAST_MATH = YES;
				SDKROOT = iphoneos;
				SWIFT_COMPILATION_MODE = wholemodule;
				SWIFT_OPTIMIZATION_LEVEL = "-O";
				VALIDATE_PRODUCT = YES;
			};
			name = Release;
		};
		FFBE59B02395F5E500A9FD53 /* Debug */ = {
			isa = XCBuildConfiguration;
			baseConfigurationReference = 5BDD27CAEAC320733936139D /* Pods-ClearMind.debug.xcconfig */;
			buildSettings = {
				ASSETCATALOG_COMPILER_APPICON_NAME = AppIcon;
				CODE_SIGN_IDENTITY = "iPhone Distribution";
				CODE_SIGN_STYLE = Manual;
				DEVELOPMENT_TEAM = KVS7WF34PR;
				INFOPLIST_FILE = ClearMind/Info.plist;
				LD_RUNPATH_SEARCH_PATHS = (
					"$(inherited)",
					"@executable_path/Frameworks",
				);
				PRODUCT_BUNDLE_IDENTIFIER = com.clearmind.ClearMind;
				PRODUCT_NAME = "$(TARGET_NAME)";
				PROVISIONING_PROFILE_SPECIFIER = "Asher ClearMind Profile Testin";
				SWIFT_VERSION = 5.0;
				TARGETED_DEVICE_FAMILY = "1,2";
			};
			name = Debug;
		};
		FFBE59B12395F5E500A9FD53 /* Release */ = {
			isa = XCBuildConfiguration;
			baseConfigurationReference = 0302A90CBA9B5E74ACBB6A1A /* Pods-ClearMind.release.xcconfig */;
			buildSettings = {
				ASSETCATALOG_COMPILER_APPICON_NAME = AppIcon;
				CODE_SIGN_IDENTITY = "iPhone Distribution";
				CODE_SIGN_STYLE = Manual;
				DEVELOPMENT_TEAM = KVS7WF34PR;
				INFOPLIST_FILE = ClearMind/Info.plist;
				LD_RUNPATH_SEARCH_PATHS = (
					"$(inherited)",
					"@executable_path/Frameworks",
				);
				PRODUCT_BUNDLE_IDENTIFIER = com.clearmind.ClearMind;
				PRODUCT_NAME = "$(TARGET_NAME)";
				PROVISIONING_PROFILE_SPECIFIER = "ClearMind Provisioning Profile";
				SWIFT_VERSION = 5.0;
				TARGETED_DEVICE_FAMILY = "1,2";
			};
			name = Release;
		};
		FFBE59B32395F5E500A9FD53 /* Debug */ = {
			isa = XCBuildConfiguration;
			baseConfigurationReference = F654626CEA362CD90AD314B9 /* Pods-ClearMindTests.debug.xcconfig */;
			buildSettings = {
				ALWAYS_EMBED_SWIFT_STANDARD_LIBRARIES = YES;
				BUNDLE_LOADER = "$(TEST_HOST)";
				CODE_SIGN_STYLE = Automatic;
				DEVELOPMENT_TEAM = KVS7WF34PR;
				INFOPLIST_FILE = ClearMindTests/Info.plist;
				IPHONEOS_DEPLOYMENT_TARGET = 13.2;
				LD_RUNPATH_SEARCH_PATHS = (
					"$(inherited)",
					"@executable_path/Frameworks",
					"@loader_path/Frameworks",
				);
				PRODUCT_BUNDLE_IDENTIFIER = com.clearmind.ClearMindTests;
				PRODUCT_NAME = "$(TARGET_NAME)";
				SWIFT_VERSION = 5.0;
				TARGETED_DEVICE_FAMILY = "1,2";
				TEST_HOST = "$(BUILT_PRODUCTS_DIR)/ClearMind.app/ClearMind";
			};
			name = Debug;
		};
		FFBE59B42395F5E500A9FD53 /* Release */ = {
			isa = XCBuildConfiguration;
			baseConfigurationReference = FD5C2E67DE4C4A4C2990A21B /* Pods-ClearMindTests.release.xcconfig */;
			buildSettings = {
				ALWAYS_EMBED_SWIFT_STANDARD_LIBRARIES = YES;
				BUNDLE_LOADER = "$(TEST_HOST)";
				CODE_SIGN_STYLE = Automatic;
				DEVELOPMENT_TEAM = KVS7WF34PR;
				INFOPLIST_FILE = ClearMindTests/Info.plist;
				IPHONEOS_DEPLOYMENT_TARGET = 13.2;
				LD_RUNPATH_SEARCH_PATHS = (
					"$(inherited)",
					"@executable_path/Frameworks",
					"@loader_path/Frameworks",
				);
				PRODUCT_BUNDLE_IDENTIFIER = com.clearmind.ClearMindTests;
				PRODUCT_NAME = "$(TARGET_NAME)";
				SWIFT_VERSION = 5.0;
				TARGETED_DEVICE_FAMILY = "1,2";
				TEST_HOST = "$(BUILT_PRODUCTS_DIR)/ClearMind.app/ClearMind";
			};
			name = Release;
		};
		FFBE59B62395F5E500A9FD53 /* Debug */ = {
			isa = XCBuildConfiguration;
			baseConfigurationReference = 7C816B04F7F51BF7D1D7CD09 /* Pods-ClearMind-ClearMindUITests.debug.xcconfig */;
			buildSettings = {
				ALWAYS_EMBED_SWIFT_STANDARD_LIBRARIES = YES;
				CODE_SIGN_STYLE = Automatic;
				DEVELOPMENT_TEAM = KVS7WF34PR;
				INFOPLIST_FILE = ClearMindUITests/Info.plist;
				LD_RUNPATH_SEARCH_PATHS = (
					"$(inherited)",
					"@executable_path/Frameworks",
					"@loader_path/Frameworks",
				);
				PRODUCT_BUNDLE_IDENTIFIER = com.clearmind.ClearMindUITests;
				PRODUCT_NAME = "$(TARGET_NAME)";
				SWIFT_VERSION = 5.0;
				TARGETED_DEVICE_FAMILY = "1,2";
				TEST_TARGET_NAME = ClearMind;
			};
			name = Debug;
		};
		FFBE59B72395F5E500A9FD53 /* Release */ = {
			isa = XCBuildConfiguration;
			baseConfigurationReference = F7FBF34DA4B0833A66AD2849 /* Pods-ClearMind-ClearMindUITests.release.xcconfig */;
			buildSettings = {
				ALWAYS_EMBED_SWIFT_STANDARD_LIBRARIES = YES;
				CODE_SIGN_STYLE = Automatic;
				DEVELOPMENT_TEAM = KVS7WF34PR;
				INFOPLIST_FILE = ClearMindUITests/Info.plist;
				LD_RUNPATH_SEARCH_PATHS = (
					"$(inherited)",
					"@executable_path/Frameworks",
					"@loader_path/Frameworks",
				);
				PRODUCT_BUNDLE_IDENTIFIER = com.clearmind.ClearMindUITests;
				PRODUCT_NAME = "$(TARGET_NAME)";
				SWIFT_VERSION = 5.0;
				TARGETED_DEVICE_FAMILY = "1,2";
				TEST_TARGET_NAME = ClearMind;
			};
			name = Release;
		};
/* End XCBuildConfiguration section */

/* Begin XCConfigurationList section */
		FFBE59802395F5E300A9FD53 /* Build configuration list for PBXProject "ClearMind" */ = {
			isa = XCConfigurationList;
			buildConfigurations = (
				FFBE59AD2395F5E500A9FD53 /* Debug */,
				FFBE59AE2395F5E500A9FD53 /* Release */,
			);
			defaultConfigurationIsVisible = 0;
			defaultConfigurationName = Release;
		};
		FFBE59AF2395F5E500A9FD53 /* Build configuration list for PBXNativeTarget "ClearMind" */ = {
			isa = XCConfigurationList;
			buildConfigurations = (
				FFBE59B02395F5E500A9FD53 /* Debug */,
				FFBE59B12395F5E500A9FD53 /* Release */,
			);
			defaultConfigurationIsVisible = 0;
			defaultConfigurationName = Release;
		};
		FFBE59B22395F5E500A9FD53 /* Build configuration list for PBXNativeTarget "ClearMindTests" */ = {
			isa = XCConfigurationList;
			buildConfigurations = (
				FFBE59B32395F5E500A9FD53 /* Debug */,
				FFBE59B42395F5E500A9FD53 /* Release */,
			);
			defaultConfigurationIsVisible = 0;
			defaultConfigurationName = Release;
		};
		FFBE59B52395F5E500A9FD53 /* Build configuration list for PBXNativeTarget "ClearMindUITests" */ = {
			isa = XCConfigurationList;
			buildConfigurations = (
				FFBE59B62395F5E500A9FD53 /* Debug */,
				FFBE59B72395F5E500A9FD53 /* Release */,
			);
			defaultConfigurationIsVisible = 0;
			defaultConfigurationName = Release;
		};
/* End XCConfigurationList section */
	};
	rootObject = FFBE597D2395F5E300A9FD53 /* Project object */;
}
